<?xml version="1.0" encoding="utf-8"?>
<Project ToolsVersion="4.0" xmlns="http://schemas.microsoft.com/developer/msbuild/2003">
  <ItemGroup>
    <ClCompile Include="src\audio\aengine.cpp" />
    <ClCompile Include="src\audio\checked_openal_call.cpp" />
    <ClCompile Include="src\audio\sound.cpp" />
    <ClCompile Include="src\conglomerates\gui.cpp" />
    <ClCompile Include="src\conglomerates\tilemap.cpp" />
    <ClCompile Include="src\debug\log.cpp" />
    <ClCompile Include="src\events\base_event.cpp" />
    <ClCompile Include="src\events\event.cpp" />
    <ClCompile Include="src\gameobjects\animation_component.cpp" />
    <ClCompile Include="src\gameobjects\audio_player_component.cpp" />
    <ClCompile Include="src\gameobjects\base_component.cpp" />
    <ClCompile Include="src\gameobjects\collider_component.cpp" />
    <ClCompile Include="src\gameobjects\component_registry.cpp" />
    <ClCompile Include="src\gameobjects\lifetime.cpp" />
    <ClCompile Include="src\gameobjects\pointlight_component.cpp" />
    <ClCompile Include="src\gameobjects\render_component.cpp" />
    <ClCompile Include="src\gameobjects\rigidbody_component.cpp" />
    <ClCompile Include="src\gameobjects\transform_component.cpp" />
    <ClCompile Include="src\graphics\animation.cpp" />
    <ClCompile Include="src\graphics\buffered_buffer.cpp" />
    <ClCompile Include="src\graphics\camera.cpp" />
    <ClCompile Include="src\graphics\framebuffer.cpp" />
    <ClCompile Include="src\graphics\gengine.cpp" />
    <ClCompile Include="src\graphics\gl_error_handler.cpp" />
    <ClCompile Include="src\graphics\indirect_draw_command.cpp" />
    <ClCompile Include="src\graphics\material.cpp" />
    <ClCompile Include="src\graphics\mesh.cpp" />
    <ClCompile Include="src\graphics\meshpool.cpp" />
    <ClCompile Include="src\graphics\mesh_multifromfile.cpp" />
    <ClCompile Include="src\graphics\mesh_provider.cpp" />
    <ClCompile Include="src\graphics\mesh_voxels.cpp" />
    <ClCompile Include="src\graphics\renderable_mesh.cpp" />
    <ClCompile Include="src\graphics\shader_program.cpp" />
    <ClCompile Include="src\graphics\stb_image.cpp" />
    <ClCompile Include="src\graphics\texture.cpp" />
    <ClCompile Include="src\graphics\texture_atlas.cpp" />
    <ClCompile Include="src\graphics\text_mesh.cpp" />
    <ClCompile Include="src\graphics\tinyobjloader.cpp" />
    <ClCompile Include="src\graphics\window.cpp" />
    <ClCompile Include="src\lua\lua_component_wrappers.cpp" />
    <ClCompile Include="src\lua\lua_constructor_wrappers.cpp" />
    <ClCompile Include="src\lua\lua_handler.cpp" />
    <ClCompile Include="src\lua\lua_usertype_initialization.cpp" />
    <ClCompile Include="src\main.cpp" />
    <ClCompile Include="src\modules\component_registry_export.cpp" />
    <ClCompile Include="src\modules\graphics_engine_export.cpp" />
    <ClCompile Include="src\modules\module.cpp" />
    <ClCompile Include="src\network\client.cpp" />
    <ClCompile Include="src\network\network.cpp" />
    <ClCompile Include="src\network\protocol.cpp" />
    <ClCompile Include="src\non-engine\attribute.cpp" />
    <ClCompile Include="src\non-engine\chunk.cpp" />
    <ClCompile Include="src\non-engine\creature.cpp" />
    <ClCompile Include="src\non-engine\game.cpp" />
    <ClCompile Include="src\non-engine\health.cpp" />
    <ClCompile Include="src\non-engine\humanoid.cpp" />
    <ClCompile Include="src\non-engine\modifier.cpp" />
    <ClCompile Include="src\non-engine\world_loader.cpp" />
    <ClCompile Include="src\physics\gjk.cpp" />
    <ClCompile Include="src\physics\mesh_simplification.cpp" />
    <ClCompile Include="src\physics\pengine.cpp" />
    <ClCompile Include="src\physics\physics_mesh.cpp" />
    <ClCompile Include="src\physics\raycast.cpp" />
    <ClCompile Include="src\physics\spatial_acceleration_structure.cpp" />
    <ClCompile Include="src\utility\let_me_hash_a_tuple.cpp" />
    <ClCompile Include="src\utility\utility.cpp" />
    <ClCompile Include="src\non-engine\worldgen.cpp" />
    <ClCompile Include="src\graphics\compute_shader_program.cpp" />
    <ClCompile Include="src\graphics\base_shader_program.cpp" />
    <ClCompile Include="src\gameobjects\spotlight_component.cpp" />
  </ItemGroup>
  <ItemGroup>
    <ClInclude Include="src\asset_loader\base_asset_loader.hpp" />
    <ClInclude Include="src\audio\aengine.hpp" />
    <ClInclude Include="src\audio\sound.hpp" />
    <ClInclude Include="src\conglomerates\gui.hpp" />
    <ClInclude Include="src\conglomerates\tilemap.hpp" />
    <ClInclude Include="src\debug\assert.hpp" />
    <ClInclude Include="src\debug\debug.hpp" />
    <ClInclude Include="src\debug\log.hpp" />
    <ClInclude Include="src\events\base_event.hpp" />
    <ClInclude Include="src\events\event.hpp" />
    <ClInclude Include="src\gameobjects\animation_component.hpp" />
    <ClInclude Include="src\gameobjects\audio_player_component.hpp" />
    <ClInclude Include="src\gameobjects\base_component.hpp" />
    <ClInclude Include="src\gameobjects\collider_component.hpp" />
    <ClInclude Include="src\gameobjects\component_pool.hpp" />
    <ClInclude Include="src\gameobjects\component_registry.hpp" />
    <ClInclude Include="src\gameobjects\lifetime.hpp" />
    <ClInclude Include="src\gameobjects\pointlight_component.hpp" />
    <ClInclude Include="src\gameobjects\render_component.hpp" />
    <ClInclude Include="src\gameobjects\rigidbody_component.hpp" />
    <ClInclude Include="src\gameobjects\transform_component.hpp" />
    <ClInclude Include="src\graphics\animation.hpp" />
    <ClInclude Include="src\graphics\buffered_buffer.hpp" />
    <ClInclude Include="src\graphics\camera.hpp" />
    <ClInclude Include="src\graphics\framebuffer.hpp" />
    <ClInclude Include="src\graphics\gengine.hpp" />
    <ClInclude Include="src\graphics\material.hpp" />
    <ClInclude Include="src\graphics\mesh.hpp" />
    <ClInclude Include="src\graphics\meshpool.hpp" />
    <ClInclude Include="src\graphics\mesh_provider.hpp" />
    <ClInclude Include="src\graphics\renderable_mesh.hpp" />
    <ClInclude Include="src\graphics\shader_program.hpp" />
    <ClInclude Include="src\graphics\texture.hpp" />
    <ClInclude Include="src\graphics\texture_atlas.hpp" />
    <ClInclude Include="src\graphics\window.hpp" />
    <ClInclude Include="src\lua\lua_component_wrappers.hpp" />
    <ClInclude Include="src\lua\lua_constructor_wrappers.hpp" />
    <ClInclude Include="src\lua\lua_handler.hpp" />
    <ClInclude Include="src\modules\component_registry_export.hpp" />
    <ClInclude Include="src\modules\dll_memory_allocator.hpp" />
    <ClInclude Include="src\modules\graphics_engine_export.hpp" />
    <ClInclude Include="src\modules\module.hpp" />
    <ClInclude Include="src\modules\module_globals_pointers.hpp" />
    <ClInclude Include="src\modules\shared_global.hpp" />
    <ClInclude Include="src\network\client.hpp" />
    <ClInclude Include="src\network\network.hpp" />
    <ClInclude Include="src\network\protocol.hpp" />
    <ClInclude Include="src\non-engine\chunk.hpp" />
    <ClInclude Include="src\non-engine\creature.hpp" />
    <ClInclude Include="src\non-engine\game.hpp" />
    <ClInclude Include="src\non-engine\injury.hpp" />
    <ClInclude Include="src\non-engine\worldgen.hpp" />
    <ClInclude Include="src\physics\aabb.hpp" />
    <ClInclude Include="src\physics\gjk.hpp" />
    <ClInclude Include="src\physics\pengine.hpp" />
    <ClInclude Include="src\physics\physics_mesh.hpp" />
    <ClInclude Include="src\physics\raycast.hpp" />
    <ClInclude Include="src\physics\spatial_acceleration_structure.hpp" />
    <ClInclude Include="src\saving\loader.hpp" />
    <ClInclude Include="src\utility\hash_glm.hpp" />
    <ClInclude Include="src\utility\let_me_hash_a_tuple.hpp" />
    <ClInclude Include="src\utility\triangle_intersection.hpp" />
    <ClInclude Include="src\utility\utility.hpp" />
    <ClInclude Include="src\graphics\base_shader_program.hpp" />
    <ClInclude Include="src\graphics\compute_shader_program.hpp" />
    <ClInclude Include="src\gameobjects\spotlight_component.hpp" />
  </ItemGroup>
</Project>