<?xml version="1.0" encoding="utf-8"?>
<Project ToolsVersion="4.0" xmlns="http://schemas.microsoft.com/developer/msbuild/2003">
  <ItemGroup>
    <Filter Include="Source Files">
      <UniqueIdentifier>{4FC737F1-C7A5-4376-A066-2A32D752A2FF}</UniqueIdentifier>
      <Extensions>cpp;c;cc;cxx;c++;cppm;ixx;def;odl;idl;hpj;bat;asm;asmx</Extensions>
    </Filter>
    <Filter Include="Header Files">
      <UniqueIdentifier>{93995380-89BD-4b04-88EB-625FBE52EBFB}</UniqueIdentifier>
      <Extensions>h;hh;hpp;hxx;h++;hm;inl;inc;ipp;xsd</Extensions>
    </Filter>
    <Filter Include="Resource Files">
      <UniqueIdentifier>{67DA6AB6-F800-4c08-8B7A-83BB121AAD01}</UniqueIdentifier>
      <Extensions>rc;ico;cur;bmp;dlg;rc2;rct;bin;rgs;gif;jpg;jpeg;jpe;resx;tiff;tif;png;wav;mfcribbon-ms</Extensions>
    </Filter>
  </ItemGroup>
  <ItemGroup>
    <ClCompile Include="..\code\src\gameobjects\animation_component.cpp">
      <Filter>Source Files</Filter>
    </ClCompile>
    <ClCompile Include="..\code\src\events\event.cpp">
      <Filter>Source Files</Filter>
    </ClCompile>
    <ClCompile Include="..\code\src\events\base_event.cpp">
      <Filter>Source Files</Filter>
    </ClCompile>
    <ClCompile Include="..\code\src\debug\log.cpp">
      <Filter>Source Files</Filter>
    </ClCompile>
    <ClCompile Include="..\code\src\conglomerates\gui.cpp">
      <Filter>Source Files</Filter>
    </ClCompile>
    <ClCompile Include="..\code\src\conglomerates\tilemap.cpp">
      <Filter>Source Files</Filter>
    </ClCompile>
    <ClCompile Include="..\code\src\audio\checked_openal_call.cpp">
      <Filter>Source Files</Filter>
    </ClCompile>
    <ClCompile Include="..\code\src\audio\sound.cpp">
      <Filter>Source Files</Filter>
    </ClCompile>
    <ClCompile Include="..\code\src\audio\aengine.cpp">
      <Filter>Source Files</Filter>
    </ClCompile>
    <ClCompile Include="..\code\src\utility\utility.cpp">
      <Filter>Source Files</Filter>
    </ClCompile>
    <ClCompile Include="..\code\src\utility\let_me_hash_a_tuple.cpp">
      <Filter>Source Files</Filter>
    </ClCompile>
    <ClCompile Include="..\code\src\physics\spatial_acceleration_structure.cpp">
      <Filter>Source Files</Filter>
    </ClCompile>
    <ClCompile Include="..\code\src\physics\physics_mesh.cpp">
      <Filter>Source Files</Filter>
    </ClCompile>
    <ClCompile Include="..\code\src\physics\raycast.cpp">
      <Filter>Source Files</Filter>
    </ClCompile>
    <ClCompile Include="..\code\src\physics\gjk.cpp">
      <Filter>Source Files</Filter>
    </ClCompile>
    <ClCompile Include="..\code\src\physics\mesh_simplification.cpp">
      <Filter>Source Files</Filter>
    </ClCompile>
    <ClCompile Include="..\code\src\physics\pengine.cpp">
      <Filter>Source Files</Filter>
    </ClCompile>
    <ClCompile Include="..\code\src\non-engine\world_loader.cpp">
      <Filter>Source Files</Filter>
    </ClCompile>
    <ClCompile Include="..\code\src\non-engine\worldgen.cpp">
      <Filter>Source Files</Filter>
    </ClCompile>
    <ClCompile Include="..\code\src\non-engine\modifier.cpp">
      <Filter>Source Files</Filter>
    </ClCompile>
    <ClCompile Include="..\code\src\non-engine\game.cpp">
      <Filter>Source Files</Filter>
    </ClCompile>
    <ClCompile Include="..\code\src\non-engine\health.cpp">
      <Filter>Source Files</Filter>
    </ClCompile>
    <ClCompile Include="..\code\src\non-engine\humanoid.cpp">
      <Filter>Source Files</Filter>
    </ClCompile>
    <ClCompile Include="..\code\src\non-engine\creature.cpp">
      <Filter>Source Files</Filter>
    </ClCompile>
    <ClCompile Include="..\code\src\non-engine\attribute.cpp">
      <Filter>Source Files</Filter>
    </ClCompile>
    <ClCompile Include="..\code\src\non-engine\chunk.cpp">
      <Filter>Source Files</Filter>
    </ClCompile>
    <ClCompile Include="..\code\src\network\network.cpp">
      <Filter>Source Files</Filter>
    </ClCompile>
    <ClCompile Include="..\code\src\network\protocol.cpp">
      <Filter>Source Files</Filter>
    </ClCompile>
    <ClCompile Include="..\code\src\network\client.cpp">
      <Filter>Source Files</Filter>
    </ClCompile>
    <ClCompile Include="..\code\src\modules\graphics_engine_export.cpp">
      <Filter>Source Files</Filter>
    </ClCompile>
    <ClCompile Include="..\code\src\modules\module.cpp">
      <Filter>Source Files</Filter>
    </ClCompile>
    <ClCompile Include="..\code\src\modules\component_registry_export.cpp">
      <Filter>Source Files</Filter>
    </ClCompile>
    <ClCompile Include="..\code\src\lua\lua_handler.cpp">
      <Filter>Source Files</Filter>
    </ClCompile>
    <ClCompile Include="..\code\src\lua\lua_usertype_initialization.cpp">
      <Filter>Source Files</Filter>
    </ClCompile>
    <ClCompile Include="..\code\src\main.cpp">
      <Filter>Source Files</Filter>
    </ClCompile>
    <ClCompile Include="..\code\src\lua\lua_constructor_wrappers.cpp">
      <Filter>Source Files</Filter>
    </ClCompile>
    <ClCompile Include="..\code\src\lua\lua_component_wrappers.cpp">
      <Filter>Source Files</Filter>
    </ClCompile>
    <ClCompile Include="..\code\src\graphics\window.cpp">
      <Filter>Source Files</Filter>
    </ClCompile>
    <ClCompile Include="..\code\src\graphics\tinyobjloader.cpp">
      <Filter>Source Files</Filter>
    </ClCompile>
    <ClCompile Include="..\code\src\graphics\texture_atlas.cpp">
      <Filter>Source Files</Filter>
    </ClCompile>
    <ClCompile Include="..\code\src\graphics\texture.cpp">
      <Filter>Source Files</Filter>
    </ClCompile>
    <ClCompile Include="..\code\src\graphics\stb_image.cpp">
      <Filter>Source Files</Filter>
    </ClCompile>
    <ClCompile Include="..\code\src\graphics\text_mesh.cpp">
      <Filter>Source Files</Filter>
    </ClCompile>
    <ClCompile Include="..\code\src\graphics\shader_program.cpp">
      <Filter>Source Files</Filter>
    </ClCompile>
    <ClCompile Include="..\code\src\graphics\renderable_mesh.cpp">
      <Filter>Source Files</Filter>
    </ClCompile>
    <ClCompile Include="..\code\src\graphics\old_meshpool.cpp">
      <Filter>Source Files</Filter>
    </ClCompile>
    <ClCompile Include="..\code\src\graphics\mesh_voxels.cpp">
      <Filter>Source Files</Filter>
    </ClCompile>
    <ClCompile Include="..\code\src\graphics\mesh_provider.cpp">
      <Filter>Source Files</Filter>
    </ClCompile>
    <ClCompile Include="..\code\src\graphics\mesh_multifromfile.cpp">
      <Filter>Source Files</Filter>
    </ClCompile>
    <ClCompile Include="..\code\src\graphics\mesh.cpp">
      <Filter>Source Files</Filter>
    </ClCompile>
    <ClCompile Include="..\code\src\graphics\material.cpp">
      <Filter>Source Files</Filter>
    </ClCompile>
    <ClCompile Include="..\code\src\graphics\gengine.cpp">
      <Filter>Source Files</Filter>
    </ClCompile>
    <ClCompile Include="..\code\src\graphics\gl_error_handler.cpp">
      <Filter>Source Files</Filter>
    </ClCompile>
    <ClCompile Include="..\code\src\graphics\compute_shader_program.cpp">
      <Filter>Source Files</Filter>
    </ClCompile>
    <ClCompile Include="..\code\src\graphics\framebuffer.cpp">
      <Filter>Source Files</Filter>
    </ClCompile>
    <ClCompile Include="..\code\src\graphics\camera.cpp">
      <Filter>Source Files</Filter>
    </ClCompile>
    <ClCompile Include="..\code\src\graphics\base_shader_program.cpp">
      <Filter>Source Files</Filter>
    </ClCompile>
    <ClCompile Include="..\code\src\graphics\buffered_buffer.cpp">
      <Filter>Source Files</Filter>
    </ClCompile>
    <ClCompile Include="..\code\src\graphics\animation.cpp">
      <Filter>Source Files</Filter>
    </ClCompile>
    <ClCompile Include="..\code\src\gameobjects\rigidbody_component.cpp">
      <Filter>Source Files</Filter>
    </ClCompile>
    <ClCompile Include="..\code\src\gameobjects\spotlight_component.cpp">
      <Filter>Source Files</Filter>
    </ClCompile>
    <ClCompile Include="..\code\src\gameobjects\transform_component.cpp">
      <Filter>Source Files</Filter>
    </ClCompile>
    <ClCompile Include="..\code\src\gameobjects\pointlight_component.cpp">
      <Filter>Source Files</Filter>
    </ClCompile>
    <ClCompile Include="..\code\src\gameobjects\render_component.cpp">
      <Filter>Source Files</Filter>
    </ClCompile>
    <ClCompile Include="..\code\src\gameobjects\old_component_registry.cpp">
      <Filter>Source Files</Filter>
    </ClCompile>
    <ClCompile Include="..\code\src\gameobjects\gameobject.cpp">
      <Filter>Source Files</Filter>
    </ClCompile>
    <ClCompile Include="..\code\src\gameobjects\lifetime.cpp">
      <Filter>Source Files</Filter>
    </ClCompile>
    <ClCompile Include="..\code\src\gameobjects\collider_component.cpp">
      <Filter>Source Files</Filter>
    </ClCompile>
    <ClCompile Include="..\code\src\gameobjects\component_pool.cpp">
      <Filter>Source Files</Filter>
    </ClCompile>
    <ClCompile Include="..\code\src\gameobjects\audio_player_component.cpp">
      <Filter>Source Files</Filter>
    </ClCompile>
    <ClCompile Include="..\code\src\gameobjects\base_component.cpp">
      <Filter>Source Files</Filter>
    </ClCompile>
    <ClCompile Include="..\code\src\graphics\meshpool.cpp">
      <Filter>Source Files</Filter>
    </ClCompile>
    <ClCompile Include="..\code\src\utility\uint.cpp">
      <Filter>Source Files</Filter>
    </ClCompile>
    <ClCompile Include="..\code\src\tests\gameobject_tests.cpp">
      <Filter>Source Files</Filter>
    </ClCompile>
    <ClCompile Include="..\code\src\graphics\shader_input_provider.cpp">
      <Filter>Source Files</Filter>
    </ClCompile>
    <ClCompile Include="..\code\src\utility\tree.cpp">
      <Filter>Source Files</Filter>
    </ClCompile>
    <ClCompile Include="..\code\src\non-engine\world.cpp">
      <Filter>Source Files</Filter>
    </ClCompile>
    <ClCompile Include="..\code\src\non-engine\tile_chunk.cpp">
      <Filter>Source Files</Filter>
    </ClCompile>
    <ClCompile Include="..\code\src\non-engine\tile_data.cpp">
      <Filter>Source Files</Filter>
    </ClCompile>
    <ClCompile Include="..\code\src\non-engine\entity.cpp">
      <Filter>Source Files</Filter>
    </ClCompile>
    <ClCompile Include="..\code\src\non-engine\ai\schedule.cpp">
      <Filter>Source Files</Filter>
    </ClCompile>
    <ClCompile Include="..\code\src\non-engine\ai\tasks.cpp">
      <Filter>Source Files</Filter>
    </ClCompile>
    <ClCompile Include="..\code\src\non-engine\construct_game_guis.cpp">
      <Filter>Source Files</Filter>
    </ClCompile>
    <ClCompile Include="..\code\src\non-engine\ai\team.cpp">
      <Filter>Source Files</Filter>
    </ClCompile>
    <ClCompile Include="..\code\src\graphics\texture_collection.cpp">
      <Filter>Source Files</Filter>
    </ClCompile>
    <ClCompile Include="..\code\src\debug\leak_finder.cpp">
      <Filter>Source Files</Filter>
    </ClCompile>
    <ClCompile Include="..\code\src\graphics\cursor.cpp">
      <Filter>Source Files</Filter>
    </ClCompile>
    <ClCompile Include="..\code\src\conglomerates\input_stack.cpp">
      <Filter>Source Files</Filter>
    </ClCompile>
    <ClCompile Include="..\code\src\non-engine\ai\tasks_impl.cpp">
      <Filter>Source Files</Filter>
    </ClCompile>
    <ClCompile Include="..\code\src\non-engine\ai\pathfinding.cpp">
      <Filter>Source Files</Filter>
    </ClCompile>
    <ClCompile Include="..\code\src\tests\graphics_test.cpp">
      <Filter>Source Files</Filter>
    </ClCompile>
    <ClCompile Include="..\code\src\graphics\indirect_draw_command.cpp">
      <Filter>Source Files</Filter>
    </ClCompile>
    <ClCompile Include="..\code\src\non-engine\ui_helpers.cpp">
      <Filter>Source Files</Filter>
    </ClCompile>
  </ItemGroup>
  <ItemGroup>
    <ClInclude Include="..\code\src\events\base_event.hpp">
      <Filter>Header Files</Filter>
    </ClInclude>
    <ClInclude Include="..\code\src\debug\log.hpp">
      <Filter>Header Files</Filter>
    </ClInclude>
    <ClInclude Include="..\code\src\debug\assert.hpp">
      <Filter>Header Files</Filter>
    </ClInclude>
    <ClInclude Include="..\code\src\debug\debug.hpp">
      <Filter>Header Files</Filter>
    </ClInclude>
    <ClInclude Include="..\code\src\conglomerates\tilemap.hpp">
      <Filter>Header Files</Filter>
    </ClInclude>
    <ClInclude Include="..\code\src\conglomerates\gui.hpp">
      <Filter>Header Files</Filter>
    </ClInclude>
    <ClInclude Include="..\code\src\audio\sound.hpp">
      <Filter>Header Files</Filter>
    </ClInclude>
    <ClInclude Include="..\code\src\audio\aengine.hpp">
      <Filter>Header Files</Filter>
    </ClInclude>
    <ClInclude Include="..\code\src\asset_loader\base_asset_loader.hpp">
      <Filter>Header Files</Filter>
    </ClInclude>
    <ClInclude Include="..\code\src\utility\triangle_intersection.hpp">
      <Filter>Header Files</Filter>
    </ClInclude>
    <ClInclude Include="..\code\src\utility\utility.hpp">
      <Filter>Header Files</Filter>
    </ClInclude>
    <ClInclude Include="..\code\src\utility\hash_glm.hpp">
      <Filter>Header Files</Filter>
    </ClInclude>
    <ClInclude Include="..\code\src\utility\let_me_hash_a_tuple.hpp">
      <Filter>Header Files</Filter>
    </ClInclude>
    <ClInclude Include="..\code\src\saving\loader.hpp">
      <Filter>Header Files</Filter>
    </ClInclude>
    <ClInclude Include="..\code\src\physics\raycast.hpp">
      <Filter>Header Files</Filter>
    </ClInclude>
    <ClInclude Include="..\code\src\physics\spatial_acceleration_structure.hpp">
      <Filter>Header Files</Filter>
    </ClInclude>
    <ClInclude Include="..\code\src\physics\pengine.hpp">
      <Filter>Header Files</Filter>
    </ClInclude>
    <ClInclude Include="..\code\src\physics\physics_mesh.hpp">
      <Filter>Header Files</Filter>
    </ClInclude>
    <ClInclude Include="..\code\src\physics\gjk.hpp">
      <Filter>Header Files</Filter>
    </ClInclude>
    <ClInclude Include="..\code\src\physics\aabb.hpp">
      <Filter>Header Files</Filter>
    </ClInclude>
    <ClInclude Include="..\code\src\non-engine\worldgen.hpp">
      <Filter>Header Files</Filter>
    </ClInclude>
    <ClInclude Include="..\code\src\non-engine\humanoid.hpp">
      <Filter>Header Files</Filter>
    </ClInclude>
    <ClInclude Include="..\code\src\non-engine\injury.hpp">
      <Filter>Header Files</Filter>
    </ClInclude>
    <ClInclude Include="..\code\src\non-engine\modifier.hpp">
      <Filter>Header Files</Filter>
    </ClInclude>
    <ClInclude Include="..\code\src\non-engine\player.hpp">
      <Filter>Header Files</Filter>
    </ClInclude>
    <ClInclude Include="..\code\src\non-engine\game.hpp">
      <Filter>Header Files</Filter>
    </ClInclude>
    <ClInclude Include="..\code\src\non-engine\health.hpp">
      <Filter>Header Files</Filter>
    </ClInclude>
    <ClInclude Include="..\code\src\non-engine\chunk.hpp">
      <Filter>Header Files</Filter>
    </ClInclude>
    <ClInclude Include="..\code\src\non-engine\creature.hpp">
      <Filter>Header Files</Filter>
    </ClInclude>
    <ClInclude Include="..\code\src\non-engine\attribute.hpp">
      <Filter>Header Files</Filter>
    </ClInclude>
    <ClInclude Include="..\code\src\network\network.hpp">
      <Filter>Header Files</Filter>
    </ClInclude>
    <ClInclude Include="..\code\src\network\protocol.hpp">
      <Filter>Header Files</Filter>
    </ClInclude>
    <ClInclude Include="..\code\src\network\client.hpp">
      <Filter>Header Files</Filter>
    </ClInclude>
    <ClInclude Include="..\code\src\modules\module_globals_pointers.hpp">
      <Filter>Header Files</Filter>
    </ClInclude>
    <ClInclude Include="..\code\src\modules\shared_global.hpp">
      <Filter>Header Files</Filter>
    </ClInclude>
    <ClInclude Include="..\code\src\modules\graphics_engine_export.hpp">
      <Filter>Header Files</Filter>
    </ClInclude>
    <ClInclude Include="..\code\src\modules\module.hpp">
      <Filter>Header Files</Filter>
    </ClInclude>
    <ClInclude Include="..\code\src\modules\component_registry_export.hpp">
      <Filter>Header Files</Filter>
    </ClInclude>
    <ClInclude Include="..\code\src\modules\dll_memory_allocator.hpp">
      <Filter>Header Files</Filter>
    </ClInclude>
    <ClInclude Include="..\code\src\lua\lua_handler.hpp">
      <Filter>Header Files</Filter>
    </ClInclude>
    <ClInclude Include="..\code\src\lua\lua_constructor_wrappers.hpp">
      <Filter>Header Files</Filter>
    </ClInclude>
    <ClInclude Include="..\code\src\lua\lua_component_wrappers.hpp">
      <Filter>Header Files</Filter>
    </ClInclude>
    <ClInclude Include="..\code\src\graphics\window.hpp">
      <Filter>Header Files</Filter>
    </ClInclude>
    <ClInclude Include="..\code\src\graphics\texture_atlas.hpp">
      <Filter>Header Files</Filter>
    </ClInclude>
    <ClInclude Include="..\code\src\graphics\texture.hpp">
      <Filter>Header Files</Filter>
    </ClInclude>
    <ClInclude Include="..\code\src\graphics\shader_program.hpp">
      <Filter>Header Files</Filter>
    </ClInclude>
    <ClInclude Include="..\code\src\graphics\renderable_mesh.hpp">
      <Filter>Header Files</Filter>
    </ClInclude>
    <ClInclude Include="..\code\src\graphics\old_meshpool.hpp">
      <Filter>Header Files</Filter>
    </ClInclude>
    <ClInclude Include="..\code\src\graphics\mesh_provider.hpp">
      <Filter>Header Files</Filter>
    </ClInclude>
    <ClInclude Include="..\code\src\graphics\mesh.hpp">
      <Filter>Header Files</Filter>
    </ClInclude>
    <ClInclude Include="..\code\src\graphics\material.hpp">
      <Filter>Header Files</Filter>
    </ClInclude>
    <ClInclude Include="..\code\src\graphics\gengine.hpp">
      <Filter>Header Files</Filter>
    </ClInclude>
    <ClInclude Include="..\code\src\graphics\compute_shader_program.hpp">
      <Filter>Header Files</Filter>
    </ClInclude>
    <ClInclude Include="..\code\src\graphics\framebuffer.hpp">
      <Filter>Header Files</Filter>
    </ClInclude>
    <ClInclude Include="..\code\src\graphics\buffered_buffer.hpp">
      <Filter>Header Files</Filter>
    </ClInclude>
    <ClInclude Include="..\code\src\graphics\camera.hpp">
      <Filter>Header Files</Filter>
    </ClInclude>
    <ClInclude Include="..\code\src\graphics\base_shader_program.hpp">
      <Filter>Header Files</Filter>
    </ClInclude>
    <ClInclude Include="..\code\src\graphics\animation.hpp">
      <Filter>Header Files</Filter>
    </ClInclude>
    <ClInclude Include="..\code\src\gameobjects\transform_component.hpp">
      <Filter>Header Files</Filter>
    </ClInclude>
    <ClInclude Include="..\code\src\gameobjects\rigidbody_component.hpp">
      <Filter>Header Files</Filter>
    </ClInclude>
    <ClInclude Include="..\code\src\gameobjects\spotlight_component.hpp">
      <Filter>Header Files</Filter>
    </ClInclude>
    <ClInclude Include="..\code\src\gameobjects\old_component_registry.hpp">
      <Filter>Header Files</Filter>
    </ClInclude>
    <ClInclude Include="..\code\src\gameobjects\pointlight_component.hpp">
      <Filter>Header Files</Filter>
    </ClInclude>
    <ClInclude Include="..\code\src\gameobjects\render_component.hpp">
      <Filter>Header Files</Filter>
    </ClInclude>
    <ClInclude Include="..\code\src\gameobjects\lifetime.hpp">
      <Filter>Header Files</Filter>
    </ClInclude>
    <ClInclude Include="..\code\src\gameobjects\old_component_pool.hpp">
      <Filter>Header Files</Filter>
    </ClInclude>
    <ClInclude Include="..\code\src\gameobjects\component_pool.hpp">
      <Filter>Header Files</Filter>
    </ClInclude>
    <ClInclude Include="..\code\src\gameobjects\gameobject.hpp">
      <Filter>Header Files</Filter>
    </ClInclude>
    <ClInclude Include="..\code\src\gameobjects\collider_component.hpp">
      <Filter>Header Files</Filter>
    </ClInclude>
    <ClInclude Include="..\code\src\gameobjects\component_group.hpp">
      <Filter>Header Files</Filter>
    </ClInclude>
    <ClInclude Include="..\code\src\gameobjects\component_id.hpp">
      <Filter>Header Files</Filter>
    </ClInclude>
    <ClInclude Include="..\code\src\gameobjects\audio_player_component.hpp">
      <Filter>Header Files</Filter>
    </ClInclude>
    <ClInclude Include="..\code\src\gameobjects\base_component.hpp">
      <Filter>Header Files</Filter>
    </ClInclude>
    <ClInclude Include="..\code\src\gameobjects\animation_component.hpp">
      <Filter>Header Files</Filter>
    </ClInclude>
    <ClInclude Include="..\code\src\events\event.hpp">
      <Filter>Header Files</Filter>
    </ClInclude>
    <ClInclude Include="..\code\src\graphics\meshpool.hpp">
      <Filter>Header Files</Filter>
    </ClInclude>
    <ClInclude Include="..\code\src\graphics\indirect_draw_command.hpp">
      <Filter>Header Files</Filter>
    </ClInclude>
    <ClInclude Include="..\code\src\utility\uint.hpp">
      <Filter>Header Files</Filter>
    </ClInclude>
    <ClInclude Include="..\code\src\tests\gameobject_tests.hpp">
      <Filter>Header Files</Filter>
    </ClInclude>
    <ClInclude Include="..\code\src\graphics\shader_input_provider.hpp">
      <Filter>Header Files</Filter>
    </ClInclude>
    <ClInclude Include="..\code\src\utility\tree.hpp">
      <Filter>Header Files</Filter>
    </ClInclude>
    <ClInclude Include="..\code\src\non-engine\world.hpp">
      <Filter>Header Files</Filter>
    </ClInclude>
    <ClInclude Include="..\code\src\non-engine\tile_chunk.hpp">
      <Filter>Header Files</Filter>
    </ClInclude>
    <ClInclude Include="..\code\src\non-engine\tile_data.hpp">
      <Filter>Header Files</Filter>
    </ClInclude>
    <ClInclude Include="..\code\src\non-engine\entity.hpp">
      <Filter>Header Files</Filter>
    </ClInclude>
    <ClInclude Include="..\code\src\non-engine\ai\schedule.hpp">
      <Filter>Header Files</Filter>
    </ClInclude>
    <ClInclude Include="..\code\src\non-engine\ai\tasks.hpp">
      <Filter>Header Files</Filter>
    </ClInclude>
    <ClInclude Include="..\code\src\non-engine\construct_game_guis.hpp">
      <Filter>Header Files</Filter>
    </ClInclude>
    <ClInclude Include="..\code\src\non-engine\ai\team.hpp">
      <Filter>Header Files</Filter>
    </ClInclude>
    <ClInclude Include="..\code\src\gameobjects\component_field_initializer.hpp">
      <Filter>Header Files</Filter>
    </ClInclude>
    <ClInclude Include="..\code\src\graphics\texture_collection.hpp">
      <Filter>Header Files</Filter>
    </ClInclude>
    <ClInclude Include="..\code\src\graphics\cursor.hpp">
      <Filter>Header Files</Filter>
    </ClInclude>
    <ClInclude Include="..\code\src\conglomerates\input_stack.hpp">
      <Filter>Header Files</Filter>
    </ClInclude>
    <ClInclude Include="..\code\src\non-engine\ai\tasks_impl.hpp">
      <Filter>Header Files</Filter>
    </ClInclude>
    <ClInclude Include="..\code\src\tests\graphics_test.hpp">
      <Filter>Header Files</Filter>
    </ClInclude>
    <ClInclude Include="..\code\src\non-engine\ui_helpers.hpp">
      <Filter>Header Files</Filter>
    </ClInclude>
  </ItemGroup>
</Project>