
Microsoft Visual Studio Solution File, Format Version 12.00
# Visual Studio Version 17
VisualStudioVersion = 17.11.35219.272
MinimumVisualStudioVersion = 10.0.40219.1
Project("{8BC9CEB8-8B4A-11D0-8D11-00A0C91BC942}") = "AG3", "AG3.vcxproj", "{E0588BFE-718E-448C-AF53-2615647914D8}"
EndProject
Global
	GlobalSection(SolutionConfigurationPlatforms) = preSolution
		Debug|x64 = Debug|x64
		Debug|x86 = Debug|x86
		MegaFast|x64 = MegaFast|x64
		MegaFast|x86 = MegaFast|x86
		Release|x64 = Release|x64
		Release|x86 = Release|x86
	EndGlobalSection
	GlobalSection(ProjectConfigurationPlatforms) = postSolution
		{E0588BFE-718E-448C-AF53-2615647914D8}.Debug|x64.ActiveCfg = Debug|x64
		{E0588BFE-718E-448C-AF53-2615647914D8}.Debug|x64.Build.0 = Debug|x64
		{E0588BFE-718E-448C-AF53-2615647914D8}.Debug|x86.ActiveCfg = Debug|Win32
		{E0588BFE-718E-448C-AF53-2615647914D8}.Debug|x86.Build.0 = Debug|Win32
		{E0588BFE-718E-448C-AF53-2615647914D8}.MegaFast|x64.ActiveCfg = MegaFast|x64
		{E0588BFE-718E-448C-AF53-2615647914D8}.MegaFast|x64.Build.0 = MegaFast|x64
		{E0588BFE-718E-448C-AF53-2615647914D8}.MegaFast|x86.ActiveCfg = MegaFast|Win32
		{E0588BFE-718E-448C-AF53-2615647914D8}.MegaFast|x86.Build.0 = MegaFast|Win32
		{E0588BFE-718E-448C-AF53-2615647914D8}.Release|x64.ActiveCfg = Release|x64
		{E0588BFE-718E-448C-AF53-2615647914D8}.Release|x64.Build.0 = Release|x64
		{E0588BFE-718E-448C-AF53-2615647914D8}.Release|x86.ActiveCfg = Release|Win32
		{E0588BFE-718E-448C-AF53-2615647914D8}.Release|x86.Build.0 = Release|Win32
	EndGlobalSection
	GlobalSection(SolutionProperties) = preSolution
		HideSolutionNode = FALSE
	EndGlobalSection
	GlobalSection(ExtensibilityGlobals) = postSolution
		SolutionGuid = {AA76D506-D662-4FC0-BA26-570914806BCB}
	EndGlobalSection
EndGlobal
