<?xml version="1.0" encoding="utf-8"?>
<Project ToolsVersion="17.0" xmlns="http://schemas.microsoft.com/developer/msbuild/2003">
  <ItemGroup>
    <CustomBuild Include="C:\Users\ilike\Documents\Downloads\assimp-master\builddir\CMakeFiles\ef9e7c966d3e6fde77a5db377ac01754\INSTALL_force.rule">
      <Filter>CMake Rules</Filter>
    </CustomBuild>
  </ItemGroup>
  <ItemGroup>
    <Filter Include="CMake Rules">
      <UniqueIdentifier>{ABAC1C07-B048-3275-BA47-37D710BD8751}</UniqueIdentifier>
    </Filter>
  </ItemGroup>
</Project>
