<?xml version="1.0" encoding="utf-8"?>
<Project ToolsVersion="4.0" xmlns="http://schemas.microsoft.com/developer/msbuild/2003">
  <ItemGroup>
    <Filter Include="Source Files">
      <UniqueIdentifier>{4FC737F1-C7A5-4376-A066-2A32D752A2FF}</UniqueIdentifier>
      <Extensions>cpp;c;cc;cxx;c++;cppm;ixx;def;odl;idl;hpj;bat;asm;asmx</Extensions>
    </Filter>
    <Filter Include="Header Files">
      <UniqueIdentifier>{93995380-89BD-4b04-88EB-625FBE52EBFB}</UniqueIdentifier>
      <Extensions>h;hh;hpp;hxx;h++;hm;inl;inc;ipp;xsd</Extensions>
    </Filter>
    <Filter Include="Resource Files">
      <UniqueIdentifier>{67DA6AB6-F800-4c08-8B7A-83BB121AAD01}</UniqueIdentifier>
      <Extensions>rc;ico;cur;bmp;dlg;rc2;rct;bin;rgs;gif;jpg;jpeg;jpe;resx;tiff;tif;png;wav;mfcribbon-ms</Extensions>
    </Filter>
  </ItemGroup>
  <ItemGroup>
    <ClCompile Include="..\code\src\non-engine\game.cpp">
      <Filter>Source Files</Filter>
    </ClCompile>
    <ClCompile Include="..\code\src\non-engine\attribute.cpp">
      <Filter>Source Files</Filter>
    </ClCompile>
    <ClCompile Include="..\code\src\non-engine\chunk.cpp">
      <Filter>Source Files</Filter>
    </ClCompile>
    <ClCompile Include="..\code\src\non-engine\construct_game_guis.cpp">
      <Filter>Source Files</Filter>
    </ClCompile>
    <ClCompile Include="..\code\src\non-engine\creature.cpp">
      <Filter>Source Files</Filter>
    </ClCompile>
    <ClCompile Include="..\code\src\non-engine\entity.cpp">
      <Filter>Source Files</Filter>
    </ClCompile>
    <ClCompile Include="..\code\src\non-engine\health.cpp">
      <Filter>Source Files</Filter>
    </ClCompile>
    <ClCompile Include="..\code\src\non-engine\humanoid.cpp">
      <Filter>Source Files</Filter>
    </ClCompile>
    <ClCompile Include="..\code\src\non-engine\modifier.cpp">
      <Filter>Source Files</Filter>
    </ClCompile>
    <ClCompile Include="..\code\src\non-engine\tile_chunk.cpp">
      <Filter>Source Files</Filter>
    </ClCompile>
    <ClCompile Include="..\code\src\non-engine\tile_data.cpp">
      <Filter>Source Files</Filter>
    </ClCompile>
    <ClCompile Include="..\code\src\non-engine\ui_helpers.cpp">
      <Filter>Source Files</Filter>
    </ClCompile>
    <ClCompile Include="..\code\src\non-engine\world.cpp">
      <Filter>Source Files</Filter>
    </ClCompile>
    <ClCompile Include="..\code\src\non-engine\world_loader.cpp">
      <Filter>Source Files</Filter>
    </ClCompile>
    <ClCompile Include="..\code\src\non-engine\worldgen.cpp">
      <Filter>Source Files</Filter>
    </ClCompile>
    <ClCompile Include="..\code\src\non-engine\ai\pathfinding.cpp">
      <Filter>Source Files</Filter>
    </ClCompile>
    <ClCompile Include="..\code\src\non-engine\ai\schedule.cpp">
      <Filter>Source Files</Filter>
    </ClCompile>
    <ClCompile Include="..\code\src\non-engine\ai\tasks.cpp">
      <Filter>Source Files</Filter>
    </ClCompile>
    <ClCompile Include="..\code\src\non-engine\ai\tasks_impl.cpp">
      <Filter>Source Files</Filter>
    </ClCompile>
    <ClCompile Include="..\code\src\non-engine\ai\team.cpp">
      <Filter>Source Files</Filter>
    </ClCompile>
  </ItemGroup>
  <ItemGroup>
    <ClInclude Include="..\code\src\non-engine\attribute.hpp">
      <Filter>Header Files</Filter>
    </ClInclude>
    <ClInclude Include="..\code\src\non-engine\construct_game_guis.hpp">
      <Filter>Header Files</Filter>
    </ClInclude>
    <ClInclude Include="..\code\src\non-engine\chunk.hpp">
      <Filter>Header Files</Filter>
    </ClInclude>
    <ClInclude Include="..\code\src\non-engine\creature.hpp">
      <Filter>Header Files</Filter>
    </ClInclude>
    <ClInclude Include="..\code\src\non-engine\entity.hpp">
      <Filter>Header Files</Filter>
    </ClInclude>
    <ClInclude Include="..\code\src\non-engine\game.hpp">
      <Filter>Header Files</Filter>
    </ClInclude>
    <ClInclude Include="..\code\src\non-engine\health.hpp">
      <Filter>Header Files</Filter>
    </ClInclude>
    <ClInclude Include="..\code\src\non-engine\humanoid.hpp">
      <Filter>Header Files</Filter>
    </ClInclude>
    <ClInclude Include="..\code\src\non-engine\injury.hpp">
      <Filter>Header Files</Filter>
    </ClInclude>
    <ClInclude Include="..\code\src\non-engine\modifier.hpp">
      <Filter>Header Files</Filter>
    </ClInclude>
    <ClInclude Include="..\code\src\non-engine\player.hpp">
      <Filter>Header Files</Filter>
    </ClInclude>
    <ClInclude Include="..\code\src\non-engine\tile_chunk.hpp">
      <Filter>Header Files</Filter>
    </ClInclude>
    <ClInclude Include="..\code\src\non-engine\tile_data.hpp">
      <Filter>Header Files</Filter>
    </ClInclude>
    <ClInclude Include="..\code\src\non-engine\ui_helpers.hpp">
      <Filter>Header Files</Filter>
    </ClInclude>
    <ClInclude Include="..\code\src\non-engine\world.hpp">
      <Filter>Header Files</Filter>
    </ClInclude>
    <ClInclude Include="..\code\src\non-engine\worldgen.hpp">
      <Filter>Header Files</Filter>
    </ClInclude>
    <ClInclude Include="..\code\src\non-engine\ai\schedule.hpp">
      <Filter>Header Files</Filter>
    </ClInclude>
    <ClInclude Include="..\code\src\non-engine\ai\tasks.hpp">
      <Filter>Header Files</Filter>
    </ClInclude>
    <ClInclude Include="..\code\src\non-engine\ai\tasks_impl.hpp">
      <Filter>Header Files</Filter>
    </ClInclude>
    <ClInclude Include="..\code\src\non-engine\ai\team.hpp">
      <Filter>Header Files</Filter>
    </ClInclude>
  </ItemGroup>
</Project>