<?xml version="1.0" encoding="utf-8"?>
<Project ToolsVersion="17.0" xmlns="http://schemas.microsoft.com/developer/msbuild/2003">
  <ItemGroup>
    <CustomBuild Include="C:\Users\ilike\Documents\Downloads\assimp-master\assimp-master\CMakeFiles\49d7585255f227bbbcb809fb044741ba\INSTALL_force.rule">
      <Filter>CMake Rules</Filter>
    </CustomBuild>
  </ItemGroup>
  <ItemGroup>
    <Filter Include="CMake Rules">
      <UniqueIdentifier>{9CF96DF4-6A29-3B46-AC12-C7C0B86995CC}</UniqueIdentifier>
    </Filter>
  </ItemGroup>
</Project>
