<?xml version="1.0" encoding="utf-8"?>
<Project ToolsVersion="17.0" xmlns="http://schemas.microsoft.com/developer/msbuild/2003">
  <ItemGroup>
    <ClCompile Include="C:\Users\ilike\Documents\Downloads\assimp-master\assimp-master\test\unit\CCompilerTest.c">
      <Filter>UnitTests\Compiler</Filter>
    </ClCompile>
    <ClCompile Include="C:\Users\ilike\Documents\Downloads\assimp-master\assimp-master\test\unit\Main.cpp">
      <Filter>Source Files</Filter>
    </ClCompile>
    <ClCompile Include="C:\Users\ilike\Documents\Downloads\assimp-master\assimp-master\code\Common\Version.cpp">
      <Filter>Source Files</Filter>
    </ClCompile>
    <ClCompile Include="C:\Users\ilike\Documents\Downloads\assimp-master\assimp-master\code\Common\Base64.cpp">
      <Filter>Source Files</Filter>
    </ClCompile>
    <ClCompile Include="C:\Users\ilike\Documents\Downloads\assimp-master\assimp-master\test\unit\utSimd.cpp">
      <Filter>UnitTests\Common</Filter>
    </ClCompile>
    <ClCompile Include="C:\Users\ilike\Documents\Downloads\assimp-master\assimp-master\test\unit\utIOSystem.cpp">
      <Filter>UnitTests\Common</Filter>
    </ClCompile>
    <ClCompile Include="C:\Users\ilike\Documents\Downloads\assimp-master\assimp-master\test\unit\utIOStreamBuffer.cpp">
      <Filter>UnitTests\Common</Filter>
    </ClCompile>
    <ClCompile Include="C:\Users\ilike\Documents\Downloads\assimp-master\assimp-master\test\unit\utIssues.cpp">
      <Filter>UnitTests\Common</Filter>
    </ClCompile>
    <ClCompile Include="C:\Users\ilike\Documents\Downloads\assimp-master\assimp-master\test\unit\utAnim.cpp">
      <Filter>UnitTests\Common</Filter>
    </ClCompile>
    <ClCompile Include="C:\Users\ilike\Documents\Downloads\assimp-master\assimp-master\test\unit\AssimpAPITest.cpp">
      <Filter>UnitTests\Common</Filter>
    </ClCompile>
    <ClCompile Include="C:\Users\ilike\Documents\Downloads\assimp-master\assimp-master\test\unit\AssimpAPITest_aiMatrix3x3.cpp">
      <Filter>UnitTests\Common</Filter>
    </ClCompile>
    <ClCompile Include="C:\Users\ilike\Documents\Downloads\assimp-master\assimp-master\test\unit\AssimpAPITest_aiMatrix4x4.cpp">
      <Filter>UnitTests\Common</Filter>
    </ClCompile>
    <ClCompile Include="C:\Users\ilike\Documents\Downloads\assimp-master\assimp-master\test\unit\AssimpAPITest_aiQuaternion.cpp">
      <Filter>UnitTests\Common</Filter>
    </ClCompile>
    <ClCompile Include="C:\Users\ilike\Documents\Downloads\assimp-master\assimp-master\test\unit\AssimpAPITest_aiVector2D.cpp">
      <Filter>UnitTests\Common</Filter>
    </ClCompile>
    <ClCompile Include="C:\Users\ilike\Documents\Downloads\assimp-master\assimp-master\test\unit\AssimpAPITest_aiVector3D.cpp">
      <Filter>UnitTests\Common</Filter>
    </ClCompile>
    <ClCompile Include="C:\Users\ilike\Documents\Downloads\assimp-master\assimp-master\test\unit\MathTest.cpp">
      <Filter>UnitTests\Common</Filter>
    </ClCompile>
    <ClCompile Include="C:\Users\ilike\Documents\Downloads\assimp-master\assimp-master\test\unit\utBatchLoader.cpp">
      <Filter>UnitTests\Common</Filter>
    </ClCompile>
    <ClCompile Include="C:\Users\ilike\Documents\Downloads\assimp-master\assimp-master\test\unit\utDefaultIOStream.cpp">
      <Filter>UnitTests\Common</Filter>
    </ClCompile>
    <ClCompile Include="C:\Users\ilike\Documents\Downloads\assimp-master\assimp-master\test\unit\utFastAtof.cpp">
      <Filter>UnitTests\Common</Filter>
    </ClCompile>
    <ClCompile Include="C:\Users\ilike\Documents\Downloads\assimp-master\assimp-master\test\unit\utMetadata.cpp">
      <Filter>UnitTests\Common</Filter>
    </ClCompile>
    <ClCompile Include="C:\Users\ilike\Documents\Downloads\assimp-master\assimp-master\test\unit\SceneDiffer.cpp">
      <Filter>UnitTests\Common</Filter>
    </ClCompile>
    <ClCompile Include="C:\Users\ilike\Documents\Downloads\assimp-master\assimp-master\test\unit\AbstractImportExportBase.cpp">
      <Filter>UnitTests\Common</Filter>
    </ClCompile>
    <ClCompile Include="C:\Users\ilike\Documents\Downloads\assimp-master\assimp-master\test\unit\utTypes.cpp">
      <Filter>UnitTests\Common</Filter>
    </ClCompile>
    <ClCompile Include="C:\Users\ilike\Documents\Downloads\assimp-master\assimp-master\test\unit\utVersion.cpp">
      <Filter>UnitTests\Common</Filter>
    </ClCompile>
    <ClCompile Include="C:\Users\ilike\Documents\Downloads\assimp-master\assimp-master\test\unit\utProfiler.cpp">
      <Filter>UnitTests\Common</Filter>
    </ClCompile>
    <ClCompile Include="C:\Users\ilike\Documents\Downloads\assimp-master\assimp-master\test\unit\utSharedPPData.cpp">
      <Filter>UnitTests\Common</Filter>
    </ClCompile>
    <ClCompile Include="C:\Users\ilike\Documents\Downloads\assimp-master\assimp-master\test\unit\utStringUtils.cpp">
      <Filter>UnitTests\Common</Filter>
    </ClCompile>
    <ClCompile Include="C:\Users\ilike\Documents\Downloads\assimp-master\assimp-master\test\unit\Common\utMaybe.cpp">
      <Filter>UnitTests\Common</Filter>
    </ClCompile>
    <ClCompile Include="C:\Users\ilike\Documents\Downloads\assimp-master\assimp-master\test\unit\Common\utMesh.cpp">
      <Filter>UnitTests\Common</Filter>
    </ClCompile>
    <ClCompile Include="C:\Users\ilike\Documents\Downloads\assimp-master\assimp-master\test\unit\Common\utStandardShapes.cpp">
      <Filter>UnitTests\Common</Filter>
    </ClCompile>
    <ClCompile Include="C:\Users\ilike\Documents\Downloads\assimp-master\assimp-master\test\unit\Common\uiScene.cpp">
      <Filter>UnitTests\Common</Filter>
    </ClCompile>
    <ClCompile Include="C:\Users\ilike\Documents\Downloads\assimp-master\assimp-master\test\unit\Common\utLineSplitter.cpp">
      <Filter>UnitTests\Common</Filter>
    </ClCompile>
    <ClCompile Include="C:\Users\ilike\Documents\Downloads\assimp-master\assimp-master\test\unit\Common\utSpatialSort.cpp">
      <Filter>UnitTests\Common</Filter>
    </ClCompile>
    <ClCompile Include="C:\Users\ilike\Documents\Downloads\assimp-master\assimp-master\test\unit\Common\utAssertHandler.cpp">
      <Filter>UnitTests\Common</Filter>
    </ClCompile>
    <ClCompile Include="C:\Users\ilike\Documents\Downloads\assimp-master\assimp-master\test\unit\Common\utXmlParser.cpp">
      <Filter>UnitTests\Common</Filter>
    </ClCompile>
    <ClCompile Include="C:\Users\ilike\Documents\Downloads\assimp-master\assimp-master\test\unit\Common\utBase64.cpp">
      <Filter>UnitTests\Common</Filter>
    </ClCompile>
    <ClCompile Include="C:\Users\ilike\Documents\Downloads\assimp-master\assimp-master\test\unit\Common\utHash.cpp">
      <Filter>UnitTests\Common</Filter>
    </ClCompile>
    <ClCompile Include="C:\Users\ilike\Documents\Downloads\assimp-master\assimp-master\test\unit\Common\utBaseProcess.cpp">
      <Filter>UnitTests\Common</Filter>
    </ClCompile>
    <ClCompile Include="C:\Users\ilike\Documents\Downloads\assimp-master\assimp-master\test\unit\Geometry\utGeometryUtils.cpp">
      <Filter>UnitTests\GeometryTools</Filter>
    </ClCompile>
    <ClCompile Include="C:\Users\ilike\Documents\Downloads\assimp-master\assimp-master\test\unit\ImportExport\Assxml\utAssxmlImportExport.cpp">
      <Filter>UnitTests\ImportExport</Filter>
    </ClCompile>
    <ClCompile Include="C:\Users\ilike\Documents\Downloads\assimp-master\assimp-master\test\unit\utLWSImportExport.cpp">
      <Filter>UnitTests\ImportExport</Filter>
    </ClCompile>
    <ClCompile Include="C:\Users\ilike\Documents\Downloads\assimp-master\assimp-master\test\unit\utLWOImportExport.cpp">
      <Filter>UnitTests\ImportExport</Filter>
    </ClCompile>
    <ClCompile Include="C:\Users\ilike\Documents\Downloads\assimp-master\assimp-master\test\unit\utSMDImportExport.cpp">
      <Filter>UnitTests\ImportExport</Filter>
    </ClCompile>
    <ClCompile Include="C:\Users\ilike\Documents\Downloads\assimp-master\assimp-master\test\unit\utglTFImportExport.cpp">
      <Filter>UnitTests\ImportExport</Filter>
    </ClCompile>
    <ClCompile Include="C:\Users\ilike\Documents\Downloads\assimp-master\assimp-master\test\unit\utglTF2ImportExport.cpp">
      <Filter>UnitTests\ImportExport</Filter>
    </ClCompile>
    <ClCompile Include="C:\Users\ilike\Documents\Downloads\assimp-master\assimp-master\test\unit\utHMPImportExport.cpp">
      <Filter>UnitTests\ImportExport</Filter>
    </ClCompile>
    <ClCompile Include="C:\Users\ilike\Documents\Downloads\assimp-master\assimp-master\test\unit\utIFCImportExport.cpp">
      <Filter>UnitTests\ImportExport</Filter>
    </ClCompile>
    <ClCompile Include="C:\Users\ilike\Documents\Downloads\assimp-master\assimp-master\test\unit\utFBXImporterExporter.cpp">
      <Filter>UnitTests\ImportExport</Filter>
    </ClCompile>
    <ClCompile Include="C:\Users\ilike\Documents\Downloads\assimp-master\assimp-master\test\unit\utImporter.cpp">
      <Filter>UnitTests\ImportExport</Filter>
    </ClCompile>
    <ClCompile Include="C:\Users\ilike\Documents\Downloads\assimp-master\assimp-master\test\unit\ImportExport\utExporter.cpp">
      <Filter>UnitTests\ImportExport</Filter>
    </ClCompile>
    <ClCompile Include="C:\Users\ilike\Documents\Downloads\assimp-master\assimp-master\test\unit\ut3DImportExport.cpp">
      <Filter>UnitTests\ImportExport</Filter>
    </ClCompile>
    <ClCompile Include="C:\Users\ilike\Documents\Downloads\assimp-master\assimp-master\test\unit\ut3DSImportExport.cpp">
      <Filter>UnitTests\ImportExport</Filter>
    </ClCompile>
    <ClCompile Include="C:\Users\ilike\Documents\Downloads\assimp-master\assimp-master\test\unit\utACImportExport.cpp">
      <Filter>UnitTests\ImportExport</Filter>
    </ClCompile>
    <ClCompile Include="C:\Users\ilike\Documents\Downloads\assimp-master\assimp-master\test\unit\utAMFImportExport.cpp">
      <Filter>UnitTests\ImportExport</Filter>
    </ClCompile>
    <ClCompile Include="C:\Users\ilike\Documents\Downloads\assimp-master\assimp-master\test\unit\utASEImportExport.cpp">
      <Filter>UnitTests\ImportExport</Filter>
    </ClCompile>
    <ClCompile Include="C:\Users\ilike\Documents\Downloads\assimp-master\assimp-master\test\unit\utD3MFImportExport.cpp">
      <Filter>UnitTests\ImportExport</Filter>
    </ClCompile>
    <ClCompile Include="C:\Users\ilike\Documents\Downloads\assimp-master\assimp-master\test\unit\utQ3DImportExport.cpp">
      <Filter>UnitTests\ImportExport</Filter>
    </ClCompile>
    <ClCompile Include="C:\Users\ilike\Documents\Downloads\assimp-master\assimp-master\test\unit\utSTLImportExport.cpp">
      <Filter>UnitTests\ImportExport</Filter>
    </ClCompile>
    <ClCompile Include="C:\Users\ilike\Documents\Downloads\assimp-master\assimp-master\test\unit\utXImporterExporter.cpp">
      <Filter>UnitTests\ImportExport</Filter>
    </ClCompile>
    <ClCompile Include="C:\Users\ilike\Documents\Downloads\assimp-master\assimp-master\test\unit\utX3DImportExport.cpp">
      <Filter>UnitTests\ImportExport</Filter>
    </ClCompile>
    <ClCompile Include="C:\Users\ilike\Documents\Downloads\assimp-master\assimp-master\test\unit\utDXFImporterExporter.cpp">
      <Filter>UnitTests\ImportExport</Filter>
    </ClCompile>
    <ClCompile Include="C:\Users\ilike\Documents\Downloads\assimp-master\assimp-master\test\unit\utPMXImporter.cpp">
      <Filter>UnitTests\ImportExport</Filter>
    </ClCompile>
    <ClCompile Include="C:\Users\ilike\Documents\Downloads\assimp-master\assimp-master\test\unit\utPLYImportExport.cpp">
      <Filter>UnitTests\ImportExport</Filter>
    </ClCompile>
    <ClCompile Include="C:\Users\ilike\Documents\Downloads\assimp-master\assimp-master\test\unit\utObjImportExport.cpp">
      <Filter>UnitTests\ImportExport</Filter>
    </ClCompile>
    <ClCompile Include="C:\Users\ilike\Documents\Downloads\assimp-master\assimp-master\test\unit\utObjTools.cpp">
      <Filter>UnitTests\ImportExport</Filter>
    </ClCompile>
    <ClCompile Include="C:\Users\ilike\Documents\Downloads\assimp-master\assimp-master\test\unit\utOpenGEXImportExport.cpp">
      <Filter>UnitTests\ImportExport</Filter>
    </ClCompile>
    <ClCompile Include="C:\Users\ilike\Documents\Downloads\assimp-master\assimp-master\test\unit\utSIBImporter.cpp">
      <Filter>UnitTests\ImportExport</Filter>
    </ClCompile>
    <ClCompile Include="C:\Users\ilike\Documents\Downloads\assimp-master\assimp-master\test\unit\utBlenderIntermediate.cpp">
      <Filter>UnitTests\ImportExport</Filter>
    </ClCompile>
    <ClCompile Include="C:\Users\ilike\Documents\Downloads\assimp-master\assimp-master\test\unit\utBlendImportAreaLight.cpp">
      <Filter>UnitTests\ImportExport</Filter>
    </ClCompile>
    <ClCompile Include="C:\Users\ilike\Documents\Downloads\assimp-master\assimp-master\test\unit\utBlenderImportExport.cpp">
      <Filter>UnitTests\ImportExport</Filter>
    </ClCompile>
    <ClCompile Include="C:\Users\ilike\Documents\Downloads\assimp-master\assimp-master\test\unit\utBlendImportMaterials.cpp">
      <Filter>UnitTests\ImportExport</Filter>
    </ClCompile>
    <ClCompile Include="C:\Users\ilike\Documents\Downloads\assimp-master\assimp-master\test\unit\utBlenderWork.cpp">
      <Filter>UnitTests\ImportExport</Filter>
    </ClCompile>
    <ClCompile Include="C:\Users\ilike\Documents\Downloads\assimp-master\assimp-master\test\unit\utBVHImportExport.cpp">
      <Filter>UnitTests\ImportExport</Filter>
    </ClCompile>
    <ClCompile Include="C:\Users\ilike\Documents\Downloads\assimp-master\assimp-master\test\unit\utColladaExport.cpp">
      <Filter>UnitTests\ImportExport</Filter>
    </ClCompile>
    <ClCompile Include="C:\Users\ilike\Documents\Downloads\assimp-master\assimp-master\test\unit\utColladaImportExport.cpp">
      <Filter>UnitTests\ImportExport</Filter>
    </ClCompile>
    <ClCompile Include="C:\Users\ilike\Documents\Downloads\assimp-master\assimp-master\test\unit\utCSMImportExport.cpp">
      <Filter>UnitTests\ImportExport</Filter>
    </ClCompile>
    <ClCompile Include="C:\Users\ilike\Documents\Downloads\assimp-master\assimp-master\test\unit\utB3DImportExport.cpp">
      <Filter>UnitTests\ImportExport</Filter>
    </ClCompile>
    <ClCompile Include="C:\Users\ilike\Documents\Downloads\assimp-master\assimp-master\test\unit\utMDCImportExport.cpp">
      <Filter>UnitTests\ImportExport</Filter>
    </ClCompile>
    <ClCompile Include="C:\Users\ilike\Documents\Downloads\assimp-master\assimp-master\test\unit\utAssbinImportExport.cpp">
      <Filter>UnitTests\ImportExport</Filter>
    </ClCompile>
    <ClCompile Include="C:\Users\ilike\Documents\Downloads\assimp-master\assimp-master\test\unit\ImportExport\utAssjsonImportExport.cpp">
      <Filter>UnitTests\ImportExport</Filter>
    </ClCompile>
    <ClCompile Include="C:\Users\ilike\Documents\Downloads\assimp-master\assimp-master\test\unit\ImportExport\utCOBImportExport.cpp">
      <Filter>UnitTests\ImportExport</Filter>
    </ClCompile>
    <ClCompile Include="C:\Users\ilike\Documents\Downloads\assimp-master\assimp-master\test\unit\ImportExport\utOgreImportExport.cpp">
      <Filter>UnitTests\ImportExport</Filter>
    </ClCompile>
    <ClCompile Include="C:\Users\ilike\Documents\Downloads\assimp-master\assimp-master\test\unit\ImportExport\utQ3BSPFileImportExport.cpp">
      <Filter>UnitTests\ImportExport</Filter>
    </ClCompile>
    <ClCompile Include="C:\Users\ilike\Documents\Downloads\assimp-master\assimp-master\test\unit\ImportExport\utOFFImportExport.cpp">
      <Filter>UnitTests\ImportExport</Filter>
    </ClCompile>
    <ClCompile Include="C:\Users\ilike\Documents\Downloads\assimp-master\assimp-master\test\unit\ImportExport\utNFFImportExport.cpp">
      <Filter>UnitTests\ImportExport</Filter>
    </ClCompile>
    <ClCompile Include="C:\Users\ilike\Documents\Downloads\assimp-master\assimp-master\test\unit\ImportExport\utXGLImportExport.cpp">
      <Filter>UnitTests\ImportExport</Filter>
    </ClCompile>
    <ClCompile Include="C:\Users\ilike\Documents\Downloads\assimp-master\assimp-master\test\unit\ImportExport\utMD2Importer.cpp">
      <Filter>UnitTests\ImportExport</Filter>
    </ClCompile>
    <ClCompile Include="C:\Users\ilike\Documents\Downloads\assimp-master\assimp-master\test\unit\ImportExport\utMD5Importer.cpp">
      <Filter>UnitTests\ImportExport</Filter>
    </ClCompile>
    <ClCompile Include="C:\Users\ilike\Documents\Downloads\assimp-master\assimp-master\test\unit\ImportExport\utMDLImporter.cpp">
      <Filter>UnitTests\ImportExport</Filter>
    </ClCompile>
    <ClCompile Include="C:\Users\ilike\Documents\Downloads\assimp-master\assimp-master\test\unit\ImportExport\MDL\utMDLImporter_HL1_ImportSettings.cpp">
      <Filter>UnitTests\ImportExport</Filter>
    </ClCompile>
    <ClCompile Include="C:\Users\ilike\Documents\Downloads\assimp-master\assimp-master\test\unit\ImportExport\MDL\utMDLImporter_HL1_Materials.cpp">
      <Filter>UnitTests\ImportExport</Filter>
    </ClCompile>
    <ClCompile Include="C:\Users\ilike\Documents\Downloads\assimp-master\assimp-master\test\unit\ImportExport\MDL\utMDLImporter_HL1_Nodes.cpp">
      <Filter>UnitTests\ImportExport</Filter>
    </ClCompile>
    <ClCompile Include="C:\Users\ilike\Documents\Downloads\assimp-master\assimp-master\test\unit\ImportExport\RAW\utRAWImportExport.cpp">
      <Filter>UnitTests\ImportExport</Filter>
    </ClCompile>
    <ClCompile Include="C:\Users\ilike\Documents\Downloads\assimp-master\assimp-master\test\unit\ImportExport\Terragen\utTerragenImportExport.cpp">
      <Filter>UnitTests\ImportExport</Filter>
    </ClCompile>
    <ClCompile Include="C:\Users\ilike\Documents\Downloads\assimp-master\assimp-master\test\unit\ImportExport\Pbrt\utPbrtImportExport.cpp">
      <Filter>UnitTests\ImportExport</Filter>
    </ClCompile>
    <ClCompile Include="C:\Users\ilike\Documents\Downloads\assimp-master\assimp-master\test\unit\utMaterialSystem.cpp">
      <Filter>UnitTests\Material</Filter>
    </ClCompile>
    <ClCompile Include="C:\Users\ilike\Documents\Downloads\assimp-master\assimp-master\test\unit\utMatrix3x3.cpp">
      <Filter>UnitTests\Math</Filter>
    </ClCompile>
    <ClCompile Include="C:\Users\ilike\Documents\Downloads\assimp-master\assimp-master\test\unit\utMatrix4x4.cpp">
      <Filter>UnitTests\Math</Filter>
    </ClCompile>
    <ClCompile Include="C:\Users\ilike\Documents\Downloads\assimp-master\assimp-master\test\unit\utVector3.cpp">
      <Filter>UnitTests\Math</Filter>
    </ClCompile>
    <ClCompile Include="C:\Users\ilike\Documents\Downloads\assimp-master\assimp-master\test\unit\utImproveCacheLocality.cpp">
      <Filter>UnitTests\PostProcess</Filter>
    </ClCompile>
    <ClCompile Include="C:\Users\ilike\Documents\Downloads\assimp-master\assimp-master\test\unit\utFixInfacingNormals.cpp">
      <Filter>UnitTests\PostProcess</Filter>
    </ClCompile>
    <ClCompile Include="C:\Users\ilike\Documents\Downloads\assimp-master\assimp-master\test\unit\utGenNormals.cpp">
      <Filter>UnitTests\PostProcess</Filter>
    </ClCompile>
    <ClCompile Include="C:\Users\ilike\Documents\Downloads\assimp-master\assimp-master\test\unit\utTriangulate.cpp">
      <Filter>UnitTests\PostProcess</Filter>
    </ClCompile>
    <ClCompile Include="C:\Users\ilike\Documents\Downloads\assimp-master\assimp-master\test\unit\utTextureTransform.cpp">
      <Filter>UnitTests\PostProcess</Filter>
    </ClCompile>
    <ClCompile Include="C:\Users\ilike\Documents\Downloads\assimp-master\assimp-master\test\unit\utRemoveRedundantMaterials.cpp">
      <Filter>UnitTests\PostProcess</Filter>
    </ClCompile>
    <ClCompile Include="C:\Users\ilike\Documents\Downloads\assimp-master\assimp-master\test\unit\utRemoveVCProcess.cpp">
      <Filter>UnitTests\PostProcess</Filter>
    </ClCompile>
    <ClCompile Include="C:\Users\ilike\Documents\Downloads\assimp-master\assimp-master\test\unit\utScaleProcess.cpp">
      <Filter>UnitTests\PostProcess</Filter>
    </ClCompile>
    <ClCompile Include="C:\Users\ilike\Documents\Downloads\assimp-master\assimp-master\test\unit\utArmaturePopulate.cpp">
      <Filter>UnitTests\PostProcess</Filter>
    </ClCompile>
    <ClCompile Include="C:\Users\ilike\Documents\Downloads\assimp-master\assimp-master\test\unit\utJoinVertices.cpp">
      <Filter>UnitTests\PostProcess</Filter>
    </ClCompile>
    <ClCompile Include="C:\Users\ilike\Documents\Downloads\assimp-master\assimp-master\test\unit\utRemoveComments.cpp">
      <Filter>UnitTests\PostProcess</Filter>
    </ClCompile>
    <ClCompile Include="C:\Users\ilike\Documents\Downloads\assimp-master\assimp-master\test\unit\utRemoveComponent.cpp">
      <Filter>UnitTests\PostProcess</Filter>
    </ClCompile>
    <ClCompile Include="C:\Users\ilike\Documents\Downloads\assimp-master\assimp-master\test\unit\utVertexTriangleAdjacency.cpp">
      <Filter>UnitTests\PostProcess</Filter>
    </ClCompile>
    <ClCompile Include="C:\Users\ilike\Documents\Downloads\assimp-master\assimp-master\test\unit\utSplitLargeMeshes.cpp">
      <Filter>UnitTests\PostProcess</Filter>
    </ClCompile>
    <ClCompile Include="C:\Users\ilike\Documents\Downloads\assimp-master\assimp-master\test\unit\utFindDegenerates.cpp">
      <Filter>UnitTests\PostProcess</Filter>
    </ClCompile>
    <ClCompile Include="C:\Users\ilike\Documents\Downloads\assimp-master\assimp-master\test\unit\utFindInvalidData.cpp">
      <Filter>UnitTests\PostProcess</Filter>
    </ClCompile>
    <ClCompile Include="C:\Users\ilike\Documents\Downloads\assimp-master\assimp-master\test\unit\utLimitBoneWeights.cpp">
      <Filter>UnitTests\PostProcess</Filter>
    </ClCompile>
    <ClCompile Include="C:\Users\ilike\Documents\Downloads\assimp-master\assimp-master\test\unit\utPretransformVertices.cpp">
      <Filter>UnitTests\PostProcess</Filter>
    </ClCompile>
    <ClCompile Include="C:\Users\ilike\Documents\Downloads\assimp-master\assimp-master\test\unit\utScenePreprocessor.cpp">
      <Filter>UnitTests\PostProcess</Filter>
    </ClCompile>
    <ClCompile Include="C:\Users\ilike\Documents\Downloads\assimp-master\assimp-master\test\unit\utTargetAnimation.cpp">
      <Filter>UnitTests\PostProcess</Filter>
    </ClCompile>
    <ClCompile Include="C:\Users\ilike\Documents\Downloads\assimp-master\assimp-master\test\unit\utSortByPType.cpp">
      <Filter>UnitTests\PostProcess</Filter>
    </ClCompile>
    <ClCompile Include="C:\Users\ilike\Documents\Downloads\assimp-master\assimp-master\test\unit\utSceneCombiner.cpp">
      <Filter>UnitTests\PostProcess</Filter>
    </ClCompile>
    <ClCompile Include="C:\Users\ilike\Documents\Downloads\assimp-master\assimp-master\test\unit\utGenBoundingBoxesProcess.cpp">
      <Filter>UnitTests\PostProcess</Filter>
    </ClCompile>
    <ClCompile Include="C:\Users\ilike\Documents\Downloads\assimp-master\assimp-master\contrib\googletest\googletest\src\gtest-all.cc">
      <Filter>Source Files</Filter>
    </ClCompile>
  </ItemGroup>
  <ItemGroup>
    <ClInclude Include="C:\Users\ilike\Documents\Downloads\assimp-master\assimp-master\test\unit\MathTest.h">
      <Filter>UnitTests\Common</Filter>
    </ClInclude>
    <ClInclude Include="C:\Users\ilike\Documents\Downloads\assimp-master\assimp-master\test\unit\RandomNumberGeneration.h">
      <Filter>UnitTests\Common</Filter>
    </ClInclude>
    <ClInclude Include="C:\Users\ilike\Documents\Downloads\assimp-master\assimp-master\test\unit\SceneDiffer.h">
      <Filter>UnitTests\Common</Filter>
    </ClInclude>
    <ClInclude Include="C:\Users\ilike\Documents\Downloads\assimp-master\assimp-master\test\unit\UTLogStream.h">
      <Filter>UnitTests\Common</Filter>
    </ClInclude>
    <ClInclude Include="C:\Users\ilike\Documents\Downloads\assimp-master\assimp-master\test\unit\TestIOSystem.h">
      <Filter>UnitTests\Common</Filter>
    </ClInclude>
    <ClInclude Include="C:\Users\ilike\Documents\Downloads\assimp-master\assimp-master\test\unit\TestModelFactory.h">
      <Filter>UnitTests\Common</Filter>
    </ClInclude>
    <ClInclude Include="C:\Users\ilike\Documents\Downloads\assimp-master\assimp-master\test\unit\ImportExport\MDL\MDLHL1TestFiles.h">
      <Filter>UnitTests\ImportExport</Filter>
    </ClInclude>
  </ItemGroup>
  <ItemGroup>
    <CustomBuild Include="C:\Users\ilike\Documents\Downloads\assimp-master\assimp-master\test\CMakeLists.txt" />
  </ItemGroup>
  <ItemGroup>
    <Filter Include="Source Files">
      <UniqueIdentifier>{526421DC-C36D-379C-A9D7-C48CBEB57DD0}</UniqueIdentifier>
    </Filter>
    <Filter Include="UnitTests">
      <UniqueIdentifier>{445131DA-31FE-368D-AC50-D8AC379B5CBE}</UniqueIdentifier>
    </Filter>
    <Filter Include="UnitTests\Common">
      <UniqueIdentifier>{E06ACAB5-F467-3552-A297-A856792FA649}</UniqueIdentifier>
    </Filter>
    <Filter Include="UnitTests\Compiler">
      <UniqueIdentifier>{2AD0A983-1D6F-382F-8308-C050D3CD50CB}</UniqueIdentifier>
    </Filter>
    <Filter Include="UnitTests\GeometryTools">
      <UniqueIdentifier>{BDB7DCAF-200A-3F4A-B5CB-ABB0304CE098}</UniqueIdentifier>
    </Filter>
    <Filter Include="UnitTests\ImportExport">
      <UniqueIdentifier>{67CE0C0C-9E53-3648-BCE6-CB81B58D98D2}</UniqueIdentifier>
    </Filter>
    <Filter Include="UnitTests\Material">
      <UniqueIdentifier>{F6444F8E-EBC8-3C5B-A1EB-BBEA705B8D2F}</UniqueIdentifier>
    </Filter>
    <Filter Include="UnitTests\Math">
      <UniqueIdentifier>{1B177406-CB72-3AD6-8601-4D4E89568C9A}</UniqueIdentifier>
    </Filter>
    <Filter Include="UnitTests\PostProcess">
      <UniqueIdentifier>{35128966-38B2-3F65-96B0-BCD5A8D3D5B5}</UniqueIdentifier>
    </Filter>
  </ItemGroup>
</Project>
