
Microsoft Visual Studio Solution File, Format Version 12.00
# Visual Studio Version 17
Project("{8BC9CEB8-8B4A-11D0-8D11-00A0C91BC942}") = "ALL_BUILD", "ALL_BUILD.vcxproj", "{D55B32A2-13B8-357D-BB32-1A42C82E3AF0}"
	ProjectSection(ProjectDependencies) = postProject
		{F5B38EDC-1F8A-3BDA-837E-2C69B0C74036} = {F5B38EDC-1F8A-3BDA-837E-2C69B0C74036}
		{BA2CD14F-D818-3BD4-946A-0822F5C968CB} = {BA2CD14F-D818-3BD4-946A-0822F5C968CB}
	EndProjectSection
EndProject
Project("{8BC9CEB8-8B4A-11D0-8D11-00A0C91BC942}") = "INSTALL", "INSTALL.vcxproj", "{D4A73722-819C-3035-A6F5-DF23AA889DED}"
	ProjectSection(ProjectDependencies) = postProject
		{D55B32A2-13B8-357D-BB32-1A42C82E3AF0} = {D55B32A2-13B8-357D-BB32-1A42C82E3AF0}
		{F5B38EDC-1F8A-3BDA-837E-2C69B0C74036} = {F5B38EDC-1F8A-3BDA-837E-2C69B0C74036}
	EndProjectSection
EndProject
Project("{8BC9CEB8-8B4A-11D0-8D11-00A0C91BC942}") = "ZERO_CHECK", "..\..\\ZERO_CHECK.vcxproj", "{F5B38EDC-1F8A-3BDA-837E-2C69B0C74036}"
	ProjectSection(ProjectDependencies) = postProject
	EndProjectSection
EndProject
Project("{8BC9CEB8-8B4A-11D0-8D11-00A0C91BC942}") = "zlibstatic", "zlibstatic.vcxproj", "{BA2CD14F-D818-3BD4-946A-0822F5C968CB}"
	ProjectSection(ProjectDependencies) = postProject
		{F5B38EDC-1F8A-3BDA-837E-2C69B0C74036} = {F5B38EDC-1F8A-3BDA-837E-2C69B0C74036}
	EndProjectSection
EndProject
Global
	GlobalSection(SolutionConfigurationPlatforms) = preSolution
		Debug|x64 = Debug|x64
		Release|x64 = Release|x64
		MinSizeRel|x64 = MinSizeRel|x64
		RelWithDebInfo|x64 = RelWithDebInfo|x64
	EndGlobalSection
	GlobalSection(ProjectConfigurationPlatforms) = postSolution
		{D55B32A2-13B8-357D-BB32-1A42C82E3AF0}.Debug|x64.ActiveCfg = Debug|x64
		{D55B32A2-13B8-357D-BB32-1A42C82E3AF0}.Debug|x64.Build.0 = Debug|x64
		{D55B32A2-13B8-357D-BB32-1A42C82E3AF0}.Release|x64.ActiveCfg = Release|x64
		{D55B32A2-13B8-357D-BB32-1A42C82E3AF0}.Release|x64.Build.0 = Release|x64
		{D55B32A2-13B8-357D-BB32-1A42C82E3AF0}.MinSizeRel|x64.ActiveCfg = MinSizeRel|x64
		{D55B32A2-13B8-357D-BB32-1A42C82E3AF0}.MinSizeRel|x64.Build.0 = MinSizeRel|x64
		{D55B32A2-13B8-357D-BB32-1A42C82E3AF0}.RelWithDebInfo|x64.ActiveCfg = RelWithDebInfo|x64
		{D55B32A2-13B8-357D-BB32-1A42C82E3AF0}.RelWithDebInfo|x64.Build.0 = RelWithDebInfo|x64
		{D4A73722-819C-3035-A6F5-DF23AA889DED}.Debug|x64.ActiveCfg = Debug|x64
		{D4A73722-819C-3035-A6F5-DF23AA889DED}.Release|x64.ActiveCfg = Release|x64
		{D4A73722-819C-3035-A6F5-DF23AA889DED}.MinSizeRel|x64.ActiveCfg = MinSizeRel|x64
		{D4A73722-819C-3035-A6F5-DF23AA889DED}.RelWithDebInfo|x64.ActiveCfg = RelWithDebInfo|x64
		{F5B38EDC-1F8A-3BDA-837E-2C69B0C74036}.Debug|x64.ActiveCfg = Debug|x64
		{F5B38EDC-1F8A-3BDA-837E-2C69B0C74036}.Debug|x64.Build.0 = Debug|x64
		{F5B38EDC-1F8A-3BDA-837E-2C69B0C74036}.Release|x64.ActiveCfg = Release|x64
		{F5B38EDC-1F8A-3BDA-837E-2C69B0C74036}.Release|x64.Build.0 = Release|x64
		{F5B38EDC-1F8A-3BDA-837E-2C69B0C74036}.MinSizeRel|x64.ActiveCfg = MinSizeRel|x64
		{F5B38EDC-1F8A-3BDA-837E-2C69B0C74036}.MinSizeRel|x64.Build.0 = MinSizeRel|x64
		{F5B38EDC-1F8A-3BDA-837E-2C69B0C74036}.RelWithDebInfo|x64.ActiveCfg = RelWithDebInfo|x64
		{F5B38EDC-1F8A-3BDA-837E-2C69B0C74036}.RelWithDebInfo|x64.Build.0 = RelWithDebInfo|x64
		{BA2CD14F-D818-3BD4-946A-0822F5C968CB}.Debug|x64.ActiveCfg = Debug|x64
		{BA2CD14F-D818-3BD4-946A-0822F5C968CB}.Debug|x64.Build.0 = Debug|x64
		{BA2CD14F-D818-3BD4-946A-0822F5C968CB}.Release|x64.ActiveCfg = Release|x64
		{BA2CD14F-D818-3BD4-946A-0822F5C968CB}.Release|x64.Build.0 = Release|x64
		{BA2CD14F-D818-3BD4-946A-0822F5C968CB}.MinSizeRel|x64.ActiveCfg = MinSizeRel|x64
		{BA2CD14F-D818-3BD4-946A-0822F5C968CB}.MinSizeRel|x64.Build.0 = MinSizeRel|x64
		{BA2CD14F-D818-3BD4-946A-0822F5C968CB}.RelWithDebInfo|x64.ActiveCfg = RelWithDebInfo|x64
		{BA2CD14F-D818-3BD4-946A-0822F5C968CB}.RelWithDebInfo|x64.Build.0 = RelWithDebInfo|x64
	EndGlobalSection
	GlobalSection(ExtensibilityGlobals) = postSolution
		SolutionGuid = {4DCE5E60-B252-3ED9-B5DE-954757F31790}
	EndGlobalSection
	GlobalSection(ExtensibilityAddIns) = postSolution
	EndGlobalSection
EndGlobal
