
Microsoft Visual Studio Solution File, Format Version 12.00
# Visual Studio Version 17
Project("{8BC9CEB8-8B4A-11D0-8D11-00A0C91BC942}") = "ALL_BUILD", "ALL_BUILD.vcxproj", "{14E6952A-91D8-36E5-8DCE-F3A473AC700A}"
	ProjectSection(ProjectDependencies) = postProject
		{47D78E22-DEDB-3F23-9F3B-BCED397DFE71} = {47D78E22-DEDB-3F23-9F3B-BCED397DFE71}
		{04084E0A-CB4A-3FEF-80C0-48CB19A53A3E} = {04084E0A-CB4A-3FEF-80C0-48CB19A53A3E}
		{10E539AE-57B9-3B8D-A848-6B7CCBAD55EE} = {10E539AE-57B9-3B8D-A848-6B7CCBAD55EE}
		{4B9EDA0C-4788-3AE8-8F9A-12C3B68F92A3} = {4B9EDA0C-4788-3AE8-8F9A-12C3B68F92A3}
	EndProjectSection
EndProject
Project("{8BC9CEB8-8B4A-11D0-8D11-00A0C91BC942}") = "INSTALL", "INSTALL.vcxproj", "{A6962041-BDA9-3B01-8B40-6F8EDFA7448E}"
	ProjectSection(ProjectDependencies) = postProject
		{14E6952A-91D8-36E5-8DCE-F3A473AC700A} = {14E6952A-91D8-36E5-8DCE-F3A473AC700A}
		{47D78E22-DEDB-3F23-9F3B-BCED397DFE71} = {47D78E22-DEDB-3F23-9F3B-BCED397DFE71}
	EndProjectSection
EndProject
Project("{8BC9CEB8-8B4A-11D0-8D11-00A0C91BC942}") = "UpdateAssimpLibsDebugSymbolsAndDLLs", "UpdateAssimpLibsDebugSymbolsAndDLLs.vcxproj", "{5222E3D3-E4F8-3AB8-A165-87EE91C54BE6}"
	ProjectSection(ProjectDependencies) = postProject
		{47D78E22-DEDB-3F23-9F3B-BCED397DFE71} = {47D78E22-DEDB-3F23-9F3B-BCED397DFE71}
	EndProjectSection
EndProject
Project("{8BC9CEB8-8B4A-11D0-8D11-00A0C91BC942}") = "ZERO_CHECK", "ZERO_CHECK.vcxproj", "{47D78E22-DEDB-3F23-9F3B-BCED397DFE71}"
	ProjectSection(ProjectDependencies) = postProject
	EndProjectSection
EndProject
Project("{8BC9CEB8-8B4A-11D0-8D11-00A0C91BC942}") = "assimp", "code\assimp.vcxproj", "{04084E0A-CB4A-3FEF-80C0-48CB19A53A3E}"
	ProjectSection(ProjectDependencies) = postProject
		{47D78E22-DEDB-3F23-9F3B-BCED397DFE71} = {47D78E22-DEDB-3F23-9F3B-BCED397DFE71}
		{4B9EDA0C-4788-3AE8-8F9A-12C3B68F92A3} = {4B9EDA0C-4788-3AE8-8F9A-12C3B68F92A3}
	EndProjectSection
EndProject
Project("{8BC9CEB8-8B4A-11D0-8D11-00A0C91BC942}") = "uninstall", "uninstall.vcxproj", "{5DD618D8-598A-3FC7-B07D-97688DB0B43E}"
	ProjectSection(ProjectDependencies) = postProject
		{47D78E22-DEDB-3F23-9F3B-BCED397DFE71} = {47D78E22-DEDB-3F23-9F3B-BCED397DFE71}
	EndProjectSection
EndProject
Project("{8BC9CEB8-8B4A-11D0-8D11-00A0C91BC942}") = "unit", "test\unit.vcxproj", "{10E539AE-57B9-3B8D-A848-6B7CCBAD55EE}"
	ProjectSection(ProjectDependencies) = postProject
		{47D78E22-DEDB-3F23-9F3B-BCED397DFE71} = {47D78E22-DEDB-3F23-9F3B-BCED397DFE71}
		{04084E0A-CB4A-3FEF-80C0-48CB19A53A3E} = {04084E0A-CB4A-3FEF-80C0-48CB19A53A3E}
		{4B9EDA0C-4788-3AE8-8F9A-12C3B68F92A3} = {4B9EDA0C-4788-3AE8-8F9A-12C3B68F92A3}
	EndProjectSection
EndProject
Project("{8BC9CEB8-8B4A-11D0-8D11-00A0C91BC942}") = "zlibstatic", "contrib\zlib\zlibstatic.vcxproj", "{4B9EDA0C-4788-3AE8-8F9A-12C3B68F92A3}"
	ProjectSection(ProjectDependencies) = postProject
		{47D78E22-DEDB-3F23-9F3B-BCED397DFE71} = {47D78E22-DEDB-3F23-9F3B-BCED397DFE71}
	EndProjectSection
EndProject
Global
	GlobalSection(SolutionConfigurationPlatforms) = preSolution
		Debug|x64 = Debug|x64
		Release|x64 = Release|x64
		MinSizeRel|x64 = MinSizeRel|x64
		RelWithDebInfo|x64 = RelWithDebInfo|x64
	EndGlobalSection
	GlobalSection(ProjectConfigurationPlatforms) = postSolution
		{14E6952A-91D8-36E5-8DCE-F3A473AC700A}.Debug|x64.ActiveCfg = Debug|x64
		{14E6952A-91D8-36E5-8DCE-F3A473AC700A}.Debug|x64.Build.0 = Debug|x64
		{14E6952A-91D8-36E5-8DCE-F3A473AC700A}.Release|x64.ActiveCfg = Release|x64
		{14E6952A-91D8-36E5-8DCE-F3A473AC700A}.Release|x64.Build.0 = Release|x64
		{14E6952A-91D8-36E5-8DCE-F3A473AC700A}.MinSizeRel|x64.ActiveCfg = MinSizeRel|x64
		{14E6952A-91D8-36E5-8DCE-F3A473AC700A}.MinSizeRel|x64.Build.0 = MinSizeRel|x64
		{14E6952A-91D8-36E5-8DCE-F3A473AC700A}.RelWithDebInfo|x64.ActiveCfg = RelWithDebInfo|x64
		{14E6952A-91D8-36E5-8DCE-F3A473AC700A}.RelWithDebInfo|x64.Build.0 = RelWithDebInfo|x64
		{A6962041-BDA9-3B01-8B40-6F8EDFA7448E}.Debug|x64.ActiveCfg = Debug|x64
		{A6962041-BDA9-3B01-8B40-6F8EDFA7448E}.Release|x64.ActiveCfg = Release|x64
		{A6962041-BDA9-3B01-8B40-6F8EDFA7448E}.MinSizeRel|x64.ActiveCfg = MinSizeRel|x64
		{A6962041-BDA9-3B01-8B40-6F8EDFA7448E}.RelWithDebInfo|x64.ActiveCfg = RelWithDebInfo|x64
		{5222E3D3-E4F8-3AB8-A165-87EE91C54BE6}.Debug|x64.ActiveCfg = Debug|x64
		{5222E3D3-E4F8-3AB8-A165-87EE91C54BE6}.Release|x64.ActiveCfg = Release|x64
		{5222E3D3-E4F8-3AB8-A165-87EE91C54BE6}.MinSizeRel|x64.ActiveCfg = MinSizeRel|x64
		{5222E3D3-E4F8-3AB8-A165-87EE91C54BE6}.RelWithDebInfo|x64.ActiveCfg = RelWithDebInfo|x64
		{47D78E22-DEDB-3F23-9F3B-BCED397DFE71}.Debug|x64.ActiveCfg = Debug|x64
		{47D78E22-DEDB-3F23-9F3B-BCED397DFE71}.Debug|x64.Build.0 = Debug|x64
		{47D78E22-DEDB-3F23-9F3B-BCED397DFE71}.Release|x64.ActiveCfg = Release|x64
		{47D78E22-DEDB-3F23-9F3B-BCED397DFE71}.Release|x64.Build.0 = Release|x64
		{47D78E22-DEDB-3F23-9F3B-BCED397DFE71}.MinSizeRel|x64.ActiveCfg = MinSizeRel|x64
		{47D78E22-DEDB-3F23-9F3B-BCED397DFE71}.MinSizeRel|x64.Build.0 = MinSizeRel|x64
		{47D78E22-DEDB-3F23-9F3B-BCED397DFE71}.RelWithDebInfo|x64.ActiveCfg = RelWithDebInfo|x64
		{47D78E22-DEDB-3F23-9F3B-BCED397DFE71}.RelWithDebInfo|x64.Build.0 = RelWithDebInfo|x64
		{04084E0A-CB4A-3FEF-80C0-48CB19A53A3E}.Debug|x64.ActiveCfg = Debug|x64
		{04084E0A-CB4A-3FEF-80C0-48CB19A53A3E}.Debug|x64.Build.0 = Debug|x64
		{04084E0A-CB4A-3FEF-80C0-48CB19A53A3E}.Release|x64.ActiveCfg = Release|x64
		{04084E0A-CB4A-3FEF-80C0-48CB19A53A3E}.Release|x64.Build.0 = Release|x64
		{04084E0A-CB4A-3FEF-80C0-48CB19A53A3E}.MinSizeRel|x64.ActiveCfg = MinSizeRel|x64
		{04084E0A-CB4A-3FEF-80C0-48CB19A53A3E}.MinSizeRel|x64.Build.0 = MinSizeRel|x64
		{04084E0A-CB4A-3FEF-80C0-48CB19A53A3E}.RelWithDebInfo|x64.ActiveCfg = RelWithDebInfo|x64
		{04084E0A-CB4A-3FEF-80C0-48CB19A53A3E}.RelWithDebInfo|x64.Build.0 = RelWithDebInfo|x64
		{5DD618D8-598A-3FC7-B07D-97688DB0B43E}.Debug|x64.ActiveCfg = Debug|x64
		{5DD618D8-598A-3FC7-B07D-97688DB0B43E}.Release|x64.ActiveCfg = Release|x64
		{5DD618D8-598A-3FC7-B07D-97688DB0B43E}.MinSizeRel|x64.ActiveCfg = MinSizeRel|x64
		{5DD618D8-598A-3FC7-B07D-97688DB0B43E}.RelWithDebInfo|x64.ActiveCfg = RelWithDebInfo|x64
		{10E539AE-57B9-3B8D-A848-6B7CCBAD55EE}.Debug|x64.ActiveCfg = Debug|x64
		{10E539AE-57B9-3B8D-A848-6B7CCBAD55EE}.Debug|x64.Build.0 = Debug|x64
		{10E539AE-57B9-3B8D-A848-6B7CCBAD55EE}.Release|x64.ActiveCfg = Release|x64
		{10E539AE-57B9-3B8D-A848-6B7CCBAD55EE}.Release|x64.Build.0 = Release|x64
		{10E539AE-57B9-3B8D-A848-6B7CCBAD55EE}.MinSizeRel|x64.ActiveCfg = MinSizeRel|x64
		{10E539AE-57B9-3B8D-A848-6B7CCBAD55EE}.MinSizeRel|x64.Build.0 = MinSizeRel|x64
		{10E539AE-57B9-3B8D-A848-6B7CCBAD55EE}.RelWithDebInfo|x64.ActiveCfg = RelWithDebInfo|x64
		{10E539AE-57B9-3B8D-A848-6B7CCBAD55EE}.RelWithDebInfo|x64.Build.0 = RelWithDebInfo|x64
		{4B9EDA0C-4788-3AE8-8F9A-12C3B68F92A3}.Debug|x64.ActiveCfg = Debug|x64
		{4B9EDA0C-4788-3AE8-8F9A-12C3B68F92A3}.Debug|x64.Build.0 = Debug|x64
		{4B9EDA0C-4788-3AE8-8F9A-12C3B68F92A3}.Release|x64.ActiveCfg = Release|x64
		{4B9EDA0C-4788-3AE8-8F9A-12C3B68F92A3}.Release|x64.Build.0 = Release|x64
		{4B9EDA0C-4788-3AE8-8F9A-12C3B68F92A3}.MinSizeRel|x64.ActiveCfg = MinSizeRel|x64
		{4B9EDA0C-4788-3AE8-8F9A-12C3B68F92A3}.MinSizeRel|x64.Build.0 = MinSizeRel|x64
		{4B9EDA0C-4788-3AE8-8F9A-12C3B68F92A3}.RelWithDebInfo|x64.ActiveCfg = RelWithDebInfo|x64
		{4B9EDA0C-4788-3AE8-8F9A-12C3B68F92A3}.RelWithDebInfo|x64.Build.0 = RelWithDebInfo|x64
	EndGlobalSection
	GlobalSection(ExtensibilityGlobals) = postSolution
		SolutionGuid = {EBB58F91-3459-3BD7-A04A-AAEE3119B74E}
	EndGlobalSection
	GlobalSection(ExtensibilityAddIns) = postSolution
	EndGlobalSection
EndGlobal
